{
  "version": 4,
  "terraform_version": "1.2.6",
  "serial": 634,
  "lineage": "421fe28f-516a-7843-6d02-fd1a7a867366",
  "outputs": {},
  "resources": [
    {
      "mode": "managed",
      "type": "grafana_contact_point",
      "name": "pagerduty_cp",
      "provider": "provider[\"registry.terraform.io/grafana/grafana\"]",
      "instances": []
    },
    {
      "mode": "managed",
      "type": "grafana_notification_policy",
      "name": "root",
      "provider": "provider[\"registry.terraform.io/grafana/grafana\"]",
      "instances": []
    },
    {
      "mode": "managed",
      "type": "pagerduty_escalation_policy",
      "name": "team_policies",
      "provider": "provider[\"registry.terraform.io/pagerduty/pagerduty\"]",
      "instances": []
    },
    {
      "mode": "managed",
      "type": "pagerduty_schedule",
      "name": "team_schedules",
      "provider": "provider[\"registry.terraform.io/pagerduty/pagerduty\"]",
      "instances": []
    },
    {
      "mode": "managed",
      "type": "pagerduty_service",
      "name": "services",
      "provider": "provider[\"registry.terraform.io/pagerduty/pagerduty\"]",
      "instances": []
    },
    {
      "mode": "managed",
      "type": "pagerduty_team",
      "name": "teams",
      "provider": "provider[\"registry.terraform.io/pagerduty/pagerduty\"]",
      "instances": [
        {
          "index_key": "FinGuard",
          "schema_version": 0,
          "attributes": {
            "description": "Managed by Terraform",
            "html_url": "https://redcare-pharmacy.eu.pagerduty.com/teams/PJ1T8ND",
            "id": "PJ1T8ND",
            "name": "FinGuard",
            "parent": null
          },
          "sensitive_attributes": [],
          "private": "bnVsbA=="
        },
        {
          "index_key": "InfraOps",
          "schema_version": 0,
          "attributes": {
            "description": "Managed by Terraform",
            "html_url": "https://redcare-pharmacy.eu.pagerduty.com/teams/PBFH6J0",
            "id": "PBFH6J0",
            "name": "InfraOps",
            "parent": null
          },
          "sensitive_attributes": [],
          "private": "bnVsbA=="
        },
        {
          "index_key": "Shipit",
          "schema_version": 0,
          "attributes": {
            "description": "Managed by Terraform",
            "html_url": "https://redcare-pharmacy.eu.pagerduty.com/teams/PFS57YQ",
            "id": "PFS57YQ",
            "name": "Shipit",
            "parent": null
          },
          "sensitive_attributes": [],
          "private": "bnVsbA=="
        },
        {
          "index_key": "ShopStack",
          "schema_version": 0,
          "attributes": {
            "description": "Managed by Terraform",
            "html_url": "https://redcare-pharmacy.eu.pagerduty.com/teams/PY6W66A",
            "id": "PY6W66A",
            "name": "ShopStack",
            "parent": null
          },
          "sensitive_attributes": [],
          "private": "bnVsbA=="
        }
      ]
    },
    {
      "mode": "managed",
      "type": "pagerduty_user",
      "name": "dummy_users",
      "provider": "provider[\"registry.terraform.io/pagerduty/pagerduty\"]",
      "instances": [
        {
          "index_key": "FinGuard_0",
          "schema_version": 0,
          "attributes": {
            "avatar_url": "https://secure.gravatar.com/avatar/361527125785d387db887bcc5ea069ab.png?d=mm\u0026r=PG",
            "color": "red",
            "description": "Managed by Terraform",
            "email": "imtoolpoc_finguard_0@redcare-pharmacy.com",
            "html_url": "https://redcare-pharmacy.eu.pagerduty.com/users/PPAYYM3",
            "id": "PPAYYM3",
            "invitation_sent": true,
            "job_title": "Dummy Engineer FinGuard_0",
            "license": "PSUGCO9",
            "name": "FinGuard Engineer1",
            "role": "user",
            "teams": [],
            "time_zone": "Europe/Vienna"
          },
          "sensitive_attributes": [],
          "private": "bnVsbA=="
        },
        {
          "index_key": "FinGuard_2",
          "schema_version": 0,
          "attributes": {
            "avatar_url": "https://secure.gravatar.com/avatar/deb39473742d67943121e833cc5b2b1e.png?d=mm\u0026r=PG",
            "color": "red",
            "description": "Managed by Terraform",
            "email": "imtoolpoc_finguard_2@redcare-pharmacy.com",
            "html_url": "https://redcare-pharmacy.eu.pagerduty.com/users/PDTOVDU",
            "id": "PDTOVDU",
            "invitation_sent": true,
            "job_title": "Dummy Engineer FinGuard_2",
            "license": "PSUGCO9",
            "name": "FinGuard Engineer3",
            "role": "user",
            "teams": [],
            "time_zone": "Europe/Vienna"
          },
          "sensitive_attributes": [],
          "private": "bnVsbA=="
        },
        {
          "index_key": "InfraOps_0",
          "schema_version": 0,
          "attributes": {
            "avatar_url": "https://secure.gravatar.com/avatar/6d80ea4b69cc6a30254e3c4ad8acc984.png?d=mm\u0026r=PG",
            "color": "red",
            "description": "Managed by Terraform",
            "email": "imtoolpoc_infraops_0@redcare-pharmacy.com",
            "html_url": "https://redcare-pharmacy.eu.pagerduty.com/users/P5RMXXQ",
            "id": "P5RMXXQ",
            "invitation_sent": true,
            "job_title": "Dummy Engineer InfraOps_0",
            "license": "PSUGCO9",
            "name": "InfraOps Engineer1",
            "role": "user",
            "teams": [],
            "time_zone": "Europe/Vienna"
          },
          "sensitive_attributes": [],
          "private": "bnVsbA=="
        },
        {
          "index_key": "InfraOps_1",
          "schema_version": 0,
          "attributes": {
            "avatar_url": "https://secure.gravatar.com/avatar/f7a9a239f9d2fecce8a7f39308cfc032.png?d=mm\u0026r=PG",
            "color": "blue",
            "description": "Managed by Terraform",
            "email": "imtoolpoc_infraops_1@redcare-pharmacy.com",
            "html_url": "https://redcare-pharmacy.eu.pagerduty.com/users/P8PFS7B",
            "id": "P8PFS7B",
            "invitation_sent": true,
            "job_title": "Dummy Engineer InfraOps_1",
            "license": "PSUGCO9",
            "name": "InfraOps Engineer2",
            "role": "user",
            "teams": [],
            "time_zone": "Europe/Vienna"
          },
          "sensitive_attributes": [],
          "private": "bnVsbA=="
        },
        {
          "index_key": "InfraOps_2",
          "schema_version": 0,
          "attributes": {
            "avatar_url": "https://secure.gravatar.com/avatar/8eec4968a465265b1c3b9dfb90adcafd.png?d=mm\u0026r=PG",
            "color": "blue",
            "description": "Managed by Terraform",
            "email": "imtoolpoc_infraops_2@redcare-pharmacy.com",
            "html_url": "https://redcare-pharmacy.eu.pagerduty.com/users/POM3SK1",
            "id": "POM3SK1",
            "invitation_sent": true,
            "job_title": "Dummy Engineer InfraOps_2",
            "license": "PSUGCO9",
            "name": "InfraOps Engineer3",
            "role": "user",
            "teams": [],
            "time_zone": "Europe/Vienna"
          },
          "sensitive_attributes": [],
          "private": "bnVsbA=="
        },
        {
          "index_key": "Shipit_0",
          "schema_version": 0,
          "attributes": {
            "avatar_url": "https://secure.gravatar.com/avatar/10525b747a9f3d5500060a94e49d5e31.png?d=mm\u0026r=PG",
            "color": "blue",
            "description": "Managed by Terraform",
            "email": "imtoolpoc_shipit_0@redcare-pharmacy.com",
            "html_url": "https://redcare-pharmacy.eu.pagerduty.com/users/PSYRTZR",
            "id": "PSYRTZR",
            "invitation_sent": true,
            "job_title": "Dummy Engineer Shipit_0",
            "license": "PSUGCO9",
            "name": "Shipit Engineer1",
            "role": "user",
            "teams": [],
            "time_zone": "Europe/Vienna"
          },
          "sensitive_attributes": [],
          "private": "bnVsbA=="
        },
        {
          "index_key": "Shipit_1",
          "schema_version": 0,
          "attributes": {
            "avatar_url": "https://secure.gravatar.com/avatar/633b3ad0c6106728e0fafdd6aede75c7.png?d=mm\u0026r=PG",
            "color": "red",
            "description": "Managed by Terraform",
            "email": "imtoolpoc_shipit_1@redcare-pharmacy.com",
            "html_url": "https://redcare-pharmacy.eu.pagerduty.com/users/P1FBWI0",
            "id": "P1FBWI0",
            "invitation_sent": true,
            "job_title": "Dummy Engineer Shipit_1",
            "license": "PSUGCO9",
            "name": "Shipit Engineer2",
            "role": "user",
            "teams": [],
            "time_zone": "Europe/Vienna"
          },
          "sensitive_attributes": [],
          "private": "bnVsbA=="
        },
        {
          "index_key": "ShopStack_0",
          "schema_version": 0,
          "attributes": {
            "avatar_url": "https://secure.gravatar.com/avatar/db67bccec18a3e3eb292b7eee8c68133.png?d=mm\u0026r=PG",
            "color": "red",
            "description": "Managed by Terraform",
            "email": "imtoolpoc_shopstack_0@redcare-pharmacy.com",
            "html_url": "https://redcare-pharmacy.eu.pagerduty.com/users/PH2ZWSH",
            "id": "PH2ZWSH",
            "invitation_sent": true,
            "job_title": "Dummy Engineer ShopStack_0",
            "license": "PSUGCO9",
            "name": "ShopStack Engineer1",
            "role": "user",
            "teams": [],
            "time_zone": "Europe/Vienna"
          },
          "sensitive_attributes": [],
          "private": "bnVsbA=="
        },
        {
          "index_key": "ShopStack_1",
          "schema_version": 0,
          "attributes": {
            "avatar_url": "https://secure.gravatar.com/avatar/fd7862e3b877ec23b1109e319927634a.png?d=mm\u0026r=PG",
            "color": "red",
            "description": "Managed by Terraform",
            "email": "imtoolpoc_shopstack_1@redcare-pharmacy.com",
            "html_url": "https://redcare-pharmacy.eu.pagerduty.com/users/PKBKX57",
            "id": "PKBKX57",
            "invitation_sent": true,
            "job_title": "Dummy Engineer ShopStack_1",
            "license": "PSUGCO9",
            "name": "ShopStack Engineer2",
            "role": "user",
            "teams": [],
            "time_zone": "Europe/Vienna"
          },
          "sensitive_attributes": [],
          "private": "bnVsbA=="
        },
        {
          "index_key": "ShopStack_2",
          "schema_version": 0,
          "attributes": {
            "avatar_url": "https://secure.gravatar.com/avatar/48a05f2afa09fa5f16258d17dc4357ac.png?d=mm\u0026r=PG",
            "color": "red",
            "description": "Managed by Terraform",
            "email": "imtoolpoc_shopstack_2@redcare-pharmacy.com",
            "html_url": "https://redcare-pharmacy.eu.pagerduty.com/users/P91NY9D",
            "id": "P91NY9D",
            "invitation_sent": true,
            "job_title": "Dummy Engineer ShopStack_2",
            "license": "PSUGCO9",
            "name": "ShopStack Engineer3",
            "role": "user",
            "teams": [],
            "time_zone": "Europe/Vienna"
          },
          "sensitive_attributes": [],
          "private": "bnVsbA=="
        }
      ]
    },
    {
      "mode": "managed",
      "type": "pagerduty_user",
      "name": "real_users",
      "provider": "provider[\"registry.terraform.io/pagerduty/pagerduty\"]",
      "instances": [
        {
          "index_key": "Daniel Krones",
          "schema_version": 0,
          "attributes": {
            "avatar_url": "https://secure.gravatar.com/avatar/6cdac4754d4eca5ab3b7fe02e6efc675.png?d=mm\u0026r=PG",
            "color": "green",
            "description": "Managed by Terraform",
            "email": "daniel.krones@redcare-pharmacy.com",
            "html_url": "https://redcare-pharmacy.eu.pagerduty.com/users/PZH0V14",
            "id": "PZH0V14",
            "invitation_sent": true,
            "job_title": "On‑Call Engineer",
            "license": "PSUGCO9",
            "name": "Daniel Krones",
            "role": "user",
            "teams": [],
            "time_zone": "Europe/Vienna"
          },
          "sensitive_attributes": [],
          "private": "bnVsbA=="
        },
        {
          "index_key": "Eduardo Galvan",
          "schema_version": 0,
          "attributes": {
            "avatar_url": "https://secure.gravatar.com/avatar/c1804eae9381c95ba3927f3a733d01af.png?d=mm\u0026r=PG",
            "color": "red",
            "description": "Managed by Terraform",
            "email": "eduardo.galvan@redcare-pharmacy.com",
            "html_url": "https://redcare-pharmacy.eu.pagerduty.com/users/PT9JZBT",
            "id": "PT9JZBT",
            "invitation_sent": true,
            "job_title": "On‑Call Engineer",
            "license": "PSUGCO9",
            "name": "Eduardo Galvan",
            "role": "user",
            "teams": [],
            "time_zone": "Europe/Vienna"
          },
          "sensitive_attributes": [],
          "private": "bnVsbA=="
        }
      ]
    },
    {
      "mode": "managed",
      "type": "pagerduty_user_notification_rule",
      "name": "email_rule",
      "provider": "provider[\"registry.terraform.io/pagerduty/pagerduty\"]",
      "instances": []
    }
  ]
}
